
Microsoft Visual Studio Solution File, Format Version 12.00
# Visual Studio 2015
Project("{FAE04EC0-301F-11D3-BF4B-00C04F79EFBC}") = "ShapeWar", "ShapeWar.csproj", "{89C6EAD5-B151-D3D5-762D-74FE5F1DE3C0}"
EndProject
Global
	GlobalSection(SolutionConfigurationPlatforms) = preSolution
		Debug|Any CPU = Debug|Any CPU
		Release|Any CPU = Release|Any CPU
	EndGlobalSection
	GlobalSection(ProjectConfigurationPlatforms) = postSolution
		{89C6EAD5-B151-D3D5-762D-74FE5F1DE3C0}.Debug|Any CPU.ActiveCfg = Debug|Any CPU
		{89C6EAD5-B151-D3D5-762D-74FE5F1DE3C0}.Debug|Any CPU.Build.0 = Debug|Any CPU
		{89C6EAD5-B151-D3D5-762D-74FE5F1DE3C0}.Release|Any CPU.ActiveCfg = Release|Any CPU
		{89C6EAD5-B151-D3D5-762D-74FE5F1DE3C0}.Release|Any CPU.Build.0 = Release|Any CPU
	EndGlobalSection
	GlobalSection(SolutionProperties) = preSolution
		HideSolutionNode = FALSE
	EndGlobalSection
EndGlobal
